{
  "name": "my-video",
  "lockfileVersion": 3,
  "requires": true,
  "packages": {
    "": {
      "name": "my-video",
      "devDependencies": {
        "jieba-wasm": "^2.4.0"
      }
    },
    "node_modules/jieba-wasm": {
      "version": "2.4.0",
      "resolved": "https://registry.npmmirror.com/jieba-wasm/-/jieba-wasm-2.4.0.tgz",
      "integrity": "sha512-ZvQdS+FGifrFXZIXSgOyOgEz+1wdy1P4vSvwe37FVtku9ycSdHTZbHqF5i9tMN1JucoAmeiLBeI6/YaqcGD+KA==",
      "dev": true,
      "license": "MIT"
    }
  }
}
